
Microsoft Visual Studio Solution File, Format Version 12.00
# Visual Studio Version 17
VisualStudioVersion = 17.13.35919.96 d17.13
MinimumVisualStudioVersion = 10.0.40219.1
Project("{FAE04EC0-301F-11D3-BF4B-00C04F79EFBC}") = "ControleEstoque.Api", "ControleEstoque.Api\ControleEstoque.Api.csproj", "{AFF1B0D0-EF75-4F3B-82AC-D8C37165CCB0}"
EndProject
Global
	GlobalSection(SolutionConfigurationPlatforms) = preSolution
		Debug|Any CPU = Debug|Any CPU
		Release|Any CPU = Release|Any CPU
	EndGlobalSection
	GlobalSection(ProjectConfigurationPlatforms) = postSolution
		{AFF1B0D0-EF75-4F3B-82AC-D8C37165CCB0}.Debug|Any CPU.ActiveCfg = Debug|Any CPU
		{AFF1B0D0-EF75-4F3B-82AC-D8C37165CCB0}.Debug|Any CPU.Build.0 = Debug|Any CPU
		{AFF1B0D0-EF75-4F3B-82AC-D8C37165CCB0}.Release|Any CPU.ActiveCfg = Release|Any CPU
		{AFF1B0D0-EF75-4F3B-82AC-D8C37165CCB0}.Release|Any CPU.Build.0 = Release|Any CPU
	EndGlobalSection
	GlobalSection(SolutionProperties) = preSolution
		HideSolutionNode = FALSE
	EndGlobalSection
	GlobalSection(ExtensibilityGlobals) = postSolution
		SolutionGuid = {CDB64DE4-17C4-4869-8472-04B65A740209}
	EndGlobalSection
EndGlobal
